
Microsoft Visual Studio Solution File, Format Version 12.00
# Visual Studio 2012
Project("{E24C65DC-7377-472B-9ABA-BC803B73C61A}") = "aspwebsite", "http://localhost:25161", "{FA99A460-4320-429F-AA8B-CF9F40598731}"
	ProjectSection(WebsiteProperties) = preProject
		UseIISExpress = "true"
		TargetFrameworkMoniker = ".NETFramework,Version%3Dv4.8"
		Debug.AspNetCompiler.VirtualPath = "/localhost_25161"
		Debug.AspNetCompiler.PhysicalPath = "..\..\aspwebsite\"
		Debug.AspNetCompiler.TargetPath = "PrecompiledWeb\localhost_25161\"
		Debug.AspNetCompiler.Updateable = "true"
		Debug.AspNetCompiler.ForceOverwrite = "true"
		Debug.AspNetCompiler.FixedNames = "false"
		Debug.AspNetCompiler.Debug = "True"
		Release.AspNetCompiler.VirtualPath = "/localhost_25161"
		Release.AspNetCompiler.PhysicalPath = "..\..\aspwebsite\"
		Release.AspNetCompiler.TargetPath = "PrecompiledWeb\localhost_25161\"
		Release.AspNetCompiler.Updateable = "true"
		Release.AspNetCompiler.ForceOverwrite = "true"
		Release.AspNetCompiler.FixedNames = "false"
		Release.AspNetCompiler.Debug = "False"
		SlnRelativePath = "..\..\aspwebsite\"
		DefaultWebSiteLanguage = "Visual C#"
	EndProjectSection
EndProject
Global
	GlobalSection(SolutionConfigurationPlatforms) = preSolution
		Debug|Any CPU = Debug|Any CPU
	EndGlobalSection
	GlobalSection(ProjectConfigurationPlatforms) = postSolution
		{FA99A460-4320-429F-AA8B-CF9F40598731}.Debug|Any CPU.ActiveCfg = Debug|Any CPU
		{FA99A460-4320-429F-AA8B-CF9F40598731}.Debug|Any CPU.Build.0 = Debug|Any CPU
	EndGlobalSection
	GlobalSection(SolutionProperties) = preSolution
		HideSolutionNode = FALSE
	EndGlobalSection
EndGlobal
